{
  "version": 4,
  "terraform_version": "1.9.3",
  "serial": 21,
  "lineage": "b78eb2de-0e8a-20b2-6893-c5fafdf7dda9",
  "outputs": {},
  "resources": [
    {
      "mode": "managed",
      "type": "azurerm_app_service_source_control",
      "name": "sourcecontrol",
      "provider": "provider[\"registry.terraform.io/hashicorp/azurerm\"]",
      "instances": [
        {
          "schema_version": 0,
          "attributes": {
            "app_id": "/subscriptions/5e83de24-fdf9-411d-9501-73b7d27e6804/resourceGroups/myResourceGroup-51157/providers/Microsoft.Web/sites/webapp-51157",
            "branch": "main",
            "github_action_configuration": [],
            "id": "/subscriptions/5e83de24-fdf9-411d-9501-73b7d27e6804/resourceGroups/myResourceGroup-51157/providers/Microsoft.Web/sites/webapp-51157",
            "repo_url": "https://github.com/Azure-Samples/nodejs-docs-hello-world",
            "rollback_enabled": false,
            "scm_type": "ExternalGit",
            "timeouts": null,
            "use_local_git": false,
            "use_manual_integration": true,
            "use_mercurial": false,
            "uses_github_action": false
          },
          "sensitive_attributes": [],
          "private": "eyJlMmJmYjczMC1lY2FhLTExZTYtOGY4OC0zNDM2M2JjN2M0YzAiOnsiY3JlYXRlIjoxODAwMDAwMDAwMDAwLCJkZWxldGUiOjE4MDAwMDAwMDAwMDAsInJlYWQiOjMwMDAwMDAwMDAwMH19",
          "dependencies": [
            "azurerm_linux_web_app.webapp",
            "azurerm_resource_group.rg",
            "azurerm_service_plan.appserviceplan",
            "random_integer.ri"
          ]
        }
      ]
    },
    {
      "mode": "managed",
      "type": "azurerm_linux_web_app",
      "name": "webapp",
      "provider": "provider[\"registry.terraform.io/hashicorp/azurerm\"]",
      "instances": [
        {
          "schema_version": 1,
          "attributes": {
            "app_settings": null,
            "auth_settings": [],
            "auth_settings_v2": [],
            "backup": [],
            "client_affinity_enabled": false,
            "client_certificate_enabled": false,
            "client_certificate_exclusion_paths": "",
            "client_certificate_mode": "Required",
            "connection_string": [],
            "custom_domain_verification_id": "CA14355E0225F66784CD05D07565AD537F8F112F66B87409CADB9FB789AB9022",
            "default_hostname": "webapp-51157.azurewebsites.net",
            "enabled": true,
            "ftp_publish_basic_authentication_enabled": true,
            "hosting_environment_id": "",
            "https_only": true,
            "id": "/subscriptions/5e83de24-fdf9-411d-9501-73b7d27e6804/resourceGroups/myResourceGroup-51157/providers/Microsoft.Web/sites/webapp-51157",
            "identity": [],
            "key_vault_reference_identity_id": "SystemAssigned",
            "kind": "app,linux",
            "location": "eastus",
            "logs": [],
            "name": "webapp-51157",
            "outbound_ip_address_list": [
              "20.75.147.213",
              "20.75.148.14",
              "20.75.148.41",
              "20.75.148.66",
              "20.75.148.74",
              "20.75.148.106",
              "20.119.8.44"
            ],
            "outbound_ip_addresses": "20.75.147.213,20.75.148.14,20.75.148.41,20.75.148.66,20.75.148.74,20.75.148.106,20.119.8.44",
            "possible_outbound_ip_address_list": [
              "20.75.150.69",
              "20.75.150.113",
              "20.75.150.246",
              "20.75.151.34",
              "4.156.176.1",
              "4.156.176.35",
              "20.75.144.94",
              "20.75.145.19",
              "20.75.145.218",
              "20.75.146.19",
              "20.75.146.38",
              "20.75.146.79",
              "20.75.146.138",
              "20.75.146.141",
              "20.75.146.157",
              "20.75.146.192",
              "20.75.146.212",
              "20.75.146.214",
              "20.75.147.213",
              "20.75.148.14",
              "20.75.148.41",
              "20.75.148.66",
              "20.75.148.74",
              "20.75.148.106",
              "20.75.150.69",
              "20.75.150.113",
              "20.75.150.246",
              "20.75.151.34",
              "4.156.176.1",
              "4.156.176.35",
              "4.156.176.96",
              "4.156.176.198",
              "4.156.177.94",
              "4.156.177.145",
              "4.156.177.255",
              "4.156.178.103",
              "20.119.8.44"
            ],
            "possible_outbound_ip_addresses": "20.75.150.69,20.75.150.113,20.75.150.246,20.75.151.34,4.156.176.1,4.156.176.35,20.75.144.94,20.75.145.19,20.75.145.218,20.75.146.19,20.75.146.38,20.75.146.79,20.75.146.138,20.75.146.141,20.75.146.157,20.75.146.192,20.75.146.212,20.75.146.214,20.75.147.213,20.75.148.14,20.75.148.41,20.75.148.66,20.75.148.74,20.75.148.106,20.75.150.69,20.75.150.113,20.75.150.246,20.75.151.34,4.156.176.1,4.156.176.35,4.156.176.96,4.156.176.198,4.156.177.94,4.156.177.145,4.156.177.255,4.156.178.103,20.119.8.44",
            "public_network_access_enabled": true,
            "resource_group_name": "myResourceGroup-51157",
            "service_plan_id": "/subscriptions/5e83de24-fdf9-411d-9501-73b7d27e6804/resourceGroups/myResourceGroup-51157/providers/Microsoft.Web/serverFarms/webapp-asp-51157",
            "site_config": [
              {
                "always_on": true,
                "api_definition_url": "",
                "api_management_api_id": "",
                "app_command_line": "",
                "application_stack": [
                  {
                    "docker_image": "",
                    "docker_image_name": "",
                    "docker_image_tag": "",
                    "docker_registry_password": "",
                    "docker_registry_url": "",
                    "docker_registry_username": "",
                    "dotnet_version": "",
                    "go_version": "",
                    "java_server": "",
                    "java_server_version": "",
                    "java_version": "",
                    "node_version": "20-lts",
                    "php_version": "",
                    "python_version": "",
                    "ruby_version": ""
                  }
                ],
                "auto_heal_enabled": false,
                "auto_heal_setting": [],
                "container_registry_managed_identity_client_id": "",
                "container_registry_use_managed_identity": false,
                "cors": [],
                "default_documents": [
                  "Default.htm",
                  "Default.html",
                  "Default.asp",
                  "index.htm",
                  "index.html",
                  "iisstart.htm",
                  "default.aspx",
                  "index.php",
                  "hostingstart.html"
                ],
                "detailed_error_logging_enabled": false,
                "ftps_state": "Disabled",
                "health_check_eviction_time_in_min": 0,
                "health_check_path": "",
                "http2_enabled": false,
                "ip_restriction": [],
                "ip_restriction_default_action": "Allow",
                "linux_fx_version": "NODE|20-lts",
                "load_balancing_mode": "LeastRequests",
                "local_mysql_enabled": false,
                "managed_pipeline_mode": "Integrated",
                "minimum_tls_version": "1.2",
                "remote_debugging_enabled": false,
                "remote_debugging_version": "VS2022",
                "scm_ip_restriction": [],
                "scm_ip_restriction_default_action": "Allow",
                "scm_minimum_tls_version": "1.2",
                "scm_type": "None",
                "scm_use_main_ip_restriction": false,
                "use_32_bit_worker": true,
                "vnet_route_all_enabled": false,
                "websockets_enabled": false,
                "worker_count": 1
              }
            ],
            "site_credential": [
              {
                "name": "$webapp-51157",
                "password": "w7yZpbcrl7wtkQGQSlwAFi4ZNY12mZz5sstDcvuotygAe2FTeWJx6ik9Lqjn"
              }
            ],
            "sticky_settings": [],
            "storage_account": [],
            "tags": null,
            "timeouts": null,
            "virtual_network_subnet_id": "",
            "webdeploy_publish_basic_authentication_enabled": true,
            "zip_deploy_file": ""
          },
          "sensitive_attributes": [
            [
              {
                "type": "get_attr",
                "value": "site_config"
              },
              {
                "type": "index",
                "value": {
                  "value": 0,
                  "type": "number"
                }
              },
              {
                "type": "get_attr",
                "value": "application_stack"
              },
              {
                "type": "index",
                "value": {
                  "value": 0,
                  "type": "number"
                }
              },
              {
                "type": "get_attr",
                "value": "docker_registry_password"
              }
            ],
            [
              {
                "type": "get_attr",
                "value": "custom_domain_verification_id"
              }
            ],
            [
              {
                "type": "get_attr",
                "value": "site_credential"
              }
            ]
          ],
          "private": "eyJlMmJmYjczMC1lY2FhLTExZTYtOGY4OC0zNDM2M2JjN2M0YzAiOnsiY3JlYXRlIjoxODAwMDAwMDAwMDAwLCJkZWxldGUiOjE4MDAwMDAwMDAwMDAsInJlYWQiOjMwMDAwMDAwMDAwMCwidXBkYXRlIjoxODAwMDAwMDAwMDAwfSwic2NoZW1hX3ZlcnNpb24iOiIxIn0=",
          "dependencies": [
            "azurerm_resource_group.rg",
            "azurerm_service_plan.appserviceplan",
            "random_integer.ri"
          ]
        }
      ]
    },
    {
      "mode": "managed",
      "type": "azurerm_resource_group",
      "name": "rg",
      "provider": "provider[\"registry.terraform.io/hashicorp/azurerm\"]",
      "instances": [
        {
          "schema_version": 0,
          "attributes": {
            "id": "/subscriptions/5e83de24-fdf9-411d-9501-73b7d27e6804/resourceGroups/myResourceGroup-51157",
            "location": "eastus",
            "managed_by": "",
            "name": "myResourceGroup-51157",
            "tags": null,
            "timeouts": null
          },
          "sensitive_attributes": [],
          "private": "eyJlMmJmYjczMC1lY2FhLTExZTYtOGY4OC0zNDM2M2JjN2M0YzAiOnsiY3JlYXRlIjo1NDAwMDAwMDAwMDAwLCJkZWxldGUiOjU0MDAwMDAwMDAwMDAsInJlYWQiOjMwMDAwMDAwMDAwMCwidXBkYXRlIjo1NDAwMDAwMDAwMDAwfX0=",
          "dependencies": [
            "random_integer.ri"
          ]
        }
      ]
    },
    {
      "mode": "managed",
      "type": "azurerm_service_plan",
      "name": "appserviceplan",
      "provider": "provider[\"registry.terraform.io/hashicorp/azurerm\"]",
      "instances": [
        {
          "schema_version": 1,
          "attributes": {
            "app_service_environment_id": "",
            "id": "/subscriptions/5e83de24-fdf9-411d-9501-73b7d27e6804/resourceGroups/myResourceGroup-51157/providers/Microsoft.Web/serverFarms/webapp-asp-51157",
            "kind": "linux",
            "location": "eastus",
            "maximum_elastic_worker_count": 1,
            "name": "webapp-asp-51157",
            "os_type": "Linux",
            "per_site_scaling_enabled": false,
            "reserved": true,
            "resource_group_name": "myResourceGroup-51157",
            "sku_name": "P1v3",
            "tags": null,
            "timeouts": null,
            "worker_count": 1,
            "zone_balancing_enabled": false
          },
          "sensitive_attributes": [],
          "private": "eyJlMmJmYjczMC1lY2FhLTExZTYtOGY4OC0zNDM2M2JjN2M0YzAiOnsiY3JlYXRlIjozNjAwMDAwMDAwMDAwLCJkZWxldGUiOjM2MDAwMDAwMDAwMDAsInJlYWQiOjMwMDAwMDAwMDAwMCwidXBkYXRlIjozNjAwMDAwMDAwMDAwfSwic2NoZW1hX3ZlcnNpb24iOiIxIn0=",
          "dependencies": [
            "azurerm_resource_group.rg",
            "random_integer.ri"
          ]
        }
      ]
    },
    {
      "mode": "managed",
      "type": "random_integer",
      "name": "ri",
      "provider": "provider[\"registry.terraform.io/hashicorp/random\"]",
      "instances": [
        {
          "schema_version": 0,
          "attributes": {
            "id": "51157",
            "keepers": null,
            "max": 99999,
            "min": 10000,
            "result": 51157,
            "seed": null
          },
          "sensitive_attributes": []
        }
      ]
    }
  ],
  "check_results": null
}
