{
  "version": 4,
  "terraform_version": "1.5.2",
  "serial": 24,
  "lineage": "388a4a35-dae4-4f69-9f8c-14c0b4445cff",
  "outputs": {},
  "resources": [
    {
      "mode": "managed",
      "type": "azurerm_app_service_source_control",
      "name": "sourcecontrol",
      "provider": "provider[\"registry.terraform.io/hashicorp/azurerm\"]",
      "instances": [
        {
          "schema_version": 0,
          "attributes": {
            "app_id": "/subscriptions/5e83de24-fdf9-411d-9501-73b7d27e6804/resourceGroups/example-resources/providers/Microsoft.Web/sites/example-appservice-hector-july-24",
            "branch": "master",
            "github_action_configuration": [],
            "id": "/subscriptions/5e83de24-fdf9-411d-9501-73b7d27e6804/resourceGroups/example-resources/providers/Microsoft.Web/sites/example-appservice-hector-july-24",
            "repo_url": "https://github.com/Azure-Samples/nodejs-docs-hello-world",
            "rollback_enabled": false,
            "scm_type": "ExternalGit",
            "timeouts": null,
            "use_local_git": false,
            "use_manual_integration": true,
            "use_mercurial": false,
            "uses_github_action": false
          },
          "sensitive_attributes": [],
          "private": "eyJlMmJmYjczMC1lY2FhLTExZTYtOGY4OC0zNDM2M2JjN2M0YzAiOnsiY3JlYXRlIjoxODAwMDAwMDAwMDAwLCJkZWxldGUiOjE4MDAwMDAwMDAwMDAsInJlYWQiOjMwMDAwMDAwMDAwMH19",
          "dependencies": [
            "azurerm_linux_web_app.example",
            "azurerm_resource_group.example",
            "azurerm_service_plan.example"
          ]
        }
      ]
    },
    {
      "mode": "managed",
      "type": "azurerm_linux_web_app",
      "name": "example",
      "provider": "provider[\"registry.terraform.io/hashicorp/azurerm\"]",
      "instances": [
        {
          "schema_version": 0,
          "attributes": {
            "app_settings": {},
            "auth_settings": [
              {
                "active_directory": [],
                "additional_login_parameters": {},
                "allowed_external_redirect_urls": [],
                "default_provider": "",
                "enabled": false,
                "facebook": [],
                "github": [],
                "google": [],
                "issuer": "",
                "microsoft": [],
                "runtime_version": "",
                "token_refresh_extension_hours": 0,
                "token_store_enabled": false,
                "twitter": [],
                "unauthenticated_client_action": ""
              }
            ],
            "backup": [],
            "client_affinity_enabled": false,
            "client_certificate_enabled": false,
            "client_certificate_mode": "Required",
            "connection_string": [
              {
                "name": "APPLICATIONINSIGHTS_CONNECTION_STRING",
                "type": "Custom",
                "value": ""
              }
            ],
            "custom_domain_verification_id": "CA14355E0225F66784CD05D07565AD537F8F112F66B87409CADB9FB789AB9022",
            "default_hostname": "example-appservice-hector-july-24.azurewebsites.net",
            "enabled": true,
            "https_only": false,
            "id": "/subscriptions/5e83de24-fdf9-411d-9501-73b7d27e6804/resourceGroups/example-resources/providers/Microsoft.Web/sites/example-appservice-hector-july-24",
            "identity": [],
            "key_vault_reference_identity_id": "SystemAssigned",
            "kind": "app,linux",
            "location": "eastus",
            "logs": [],
            "name": "example-appservice-hector-july-24",
            "outbound_ip_address_list": [
              "20.121.111.207",
              "20.121.111.249",
              "20.237.8.9",
              "20.237.8.12",
              "20.237.8.37",
              "20.237.8.39",
              "20.119.8.24"
            ],
            "outbound_ip_addresses": "20.121.111.207,20.121.111.249,20.237.8.9,20.237.8.12,20.237.8.37,20.237.8.39,20.119.8.24",
            "possible_outbound_ip_address_list": [
              "20.121.109.236",
              "20.121.110.85",
              "20.121.110.155",
              "20.121.110.160",
              "20.121.110.177",
              "20.121.110.218",
              "20.121.111.18",
              "20.121.111.57",
              "20.121.111.68",
              "20.121.111.116",
              "20.121.111.173",
              "20.121.111.187",
              "20.121.111.207",
              "20.121.111.249",
              "20.237.8.9",
              "20.237.8.12",
              "20.237.8.37",
              "20.237.8.39",
              "20.237.8.112",
              "20.237.8.198",
              "20.237.8.208",
              "20.237.8.231",
              "20.237.8.234",
              "20.237.9.30",
              "20.119.8.24"
            ],
            "possible_outbound_ip_addresses": "20.121.109.236,20.121.110.85,20.121.110.155,20.121.110.160,20.121.110.177,20.121.110.218,20.121.111.18,20.121.111.57,20.121.111.68,20.121.111.116,20.121.111.173,20.121.111.187,20.121.111.207,20.121.111.249,20.237.8.9,20.237.8.12,20.237.8.37,20.237.8.39,20.237.8.112,20.237.8.198,20.237.8.208,20.237.8.231,20.237.8.234,20.237.9.30,20.119.8.24",
            "resource_group_name": "example-resources",
            "service_plan_id": "/subscriptions/5e83de24-fdf9-411d-9501-73b7d27e6804/resourceGroups/example-resources/providers/Microsoft.Web/serverfarms/example-service-plan",
            "site_config": [
              {
                "always_on": true,
                "api_definition_url": "",
                "api_management_api_id": "",
                "app_command_line": "",
                "application_stack": [
                  {
                    "docker_image": "",
                    "docker_image_tag": "",
                    "dotnet_version": "",
                    "java_server": "",
                    "java_server_version": "",
                    "java_version": "",
                    "node_version": "16-lts",
                    "php_version": "",
                    "python_version": "",
                    "ruby_version": ""
                  }
                ],
                "auto_heal_enabled": false,
                "auto_heal_setting": [],
                "container_registry_managed_identity_client_id": "",
                "container_registry_use_managed_identity": false,
                "cors": [],
                "default_documents": [
                  "Default.htm",
                  "Default.html",
                  "Default.asp",
                  "index.htm",
                  "index.html",
                  "iisstart.htm",
                  "default.aspx",
                  "index.php",
                  "hostingstart.html"
                ],
                "detailed_error_logging_enabled": false,
                "ftps_state": "Disabled",
                "health_check_eviction_time_in_min": 0,
                "health_check_path": "",
                "http2_enabled": false,
                "ip_restriction": [],
                "linux_fx_version": "NODE|16-lts",
                "load_balancing_mode": "LeastRequests",
                "local_mysql_enabled": false,
                "managed_pipeline_mode": "Integrated",
                "minimum_tls_version": "1.2",
                "remote_debugging_enabled": false,
                "remote_debugging_version": "VS2022",
                "scm_ip_restriction": [],
                "scm_minimum_tls_version": "1.2",
                "scm_type": "ExternalGit",
                "scm_use_main_ip_restriction": false,
                "use_32_bit_worker": true,
                "vnet_route_all_enabled": false,
                "websockets_enabled": false,
                "worker_count": 1
              }
            ],
            "site_credential": [
              {
                "name": "$example-appservice-hector-july-24",
                "password": "xughQxKpq6PzelYWp4FtH7o9aLmjMDe6uCLEPK1JBwapn5EYpg2HzW2aj1Ni"
              }
            ],
            "storage_account": [],
            "tags": {},
            "timeouts": null
          },
          "sensitive_attributes": [],
          "private": "eyJlMmJmYjczMC1lY2FhLTExZTYtOGY4OC0zNDM2M2JjN2M0YzAiOnsiY3JlYXRlIjoxODAwMDAwMDAwMDAwLCJkZWxldGUiOjE4MDAwMDAwMDAwMDAsInJlYWQiOjMwMDAwMDAwMDAwMCwidXBkYXRlIjoxODAwMDAwMDAwMDAwfX0=",
          "dependencies": [
            "azurerm_resource_group.example",
            "azurerm_service_plan.example"
          ]
        }
      ]
    },
    {
      "mode": "managed",
      "type": "azurerm_resource_group",
      "name": "example",
      "provider": "provider[\"registry.terraform.io/hashicorp/azurerm\"]",
      "instances": [
        {
          "schema_version": 0,
          "attributes": {
            "id": "/subscriptions/5e83de24-fdf9-411d-9501-73b7d27e6804/resourceGroups/example-resources",
            "location": "eastus",
            "name": "example-resources",
            "tags": {},
            "timeouts": null
          },
          "sensitive_attributes": [],
          "private": "eyJlMmJmYjczMC1lY2FhLTExZTYtOGY4OC0zNDM2M2JjN2M0YzAiOnsiY3JlYXRlIjo1NDAwMDAwMDAwMDAwLCJkZWxldGUiOjU0MDAwMDAwMDAwMDAsInJlYWQiOjMwMDAwMDAwMDAwMCwidXBkYXRlIjo1NDAwMDAwMDAwMDAwfX0="
        }
      ]
    },
    {
      "mode": "managed",
      "type": "azurerm_service_plan",
      "name": "example",
      "provider": "provider[\"registry.terraform.io/hashicorp/azurerm\"]",
      "instances": [
        {
          "schema_version": 0,
          "attributes": {
            "app_service_environment_id": "",
            "id": "/subscriptions/5e83de24-fdf9-411d-9501-73b7d27e6804/resourceGroups/example-resources/providers/Microsoft.Web/serverfarms/example-service-plan",
            "kind": "linux",
            "location": "eastus",
            "maximum_elastic_worker_count": 1,
            "name": "example-service-plan",
            "os_type": "Linux",
            "per_site_scaling_enabled": false,
            "reserved": true,
            "resource_group_name": "example-resources",
            "sku_name": "P1v3",
            "tags": {},
            "timeouts": null,
            "worker_count": 1
          },
          "sensitive_attributes": [],
          "private": "eyJlMmJmYjczMC1lY2FhLTExZTYtOGY4OC0zNDM2M2JjN2M0YzAiOnsiY3JlYXRlIjozNjAwMDAwMDAwMDAwLCJkZWxldGUiOjM2MDAwMDAwMDAwMDAsInJlYWQiOjMwMDAwMDAwMDAwMCwidXBkYXRlIjozNjAwMDAwMDAwMDAwfX0=",
          "dependencies": [
            "azurerm_resource_group.example"
          ]
        }
      ]
    }
  ],
  "check_results": null
}
